
Microsoft Visual Studio Solution File, Format Version 12.00
# Visual Studio 2013
VisualStudioVersion = 12.0.21005.1
MinimumVisualStudioVersion = 10.0.40219.1
Project("{8BC9CEB8-8B4A-11D0-8D11-00A0C91BC942}") = "7.4 LeetCode", "7.4 LeetCode\7.4 LeetCode.vcxproj", "{9E5DFF40-CF9D-4303-912A-C6806BA6FB7A}"
EndProject
Global
	GlobalSection(SolutionConfigurationPlatforms) = preSolution
		Debug|Win32 = Debug|Win32
		Release|Win32 = Release|Win32
	EndGlobalSection
	GlobalSection(ProjectConfigurationPlatforms) = postSolution
		{9E5DFF40-CF9D-4303-912A-C6806BA6FB7A}.Debug|Win32.ActiveCfg = Debug|Win32
		{9E5DFF40-CF9D-4303-912A-C6806BA6FB7A}.Debug|Win32.Build.0 = Debug|Win32
		{9E5DFF40-CF9D-4303-912A-C6806BA6FB7A}.Release|Win32.ActiveCfg = Release|Win32
		{9E5DFF40-CF9D-4303-912A-C6806BA6FB7A}.Release|Win32.Build.0 = Release|Win32
	EndGlobalSection
	GlobalSection(SolutionProperties) = preSolution
		HideSolutionNode = FALSE
	EndGlobalSection
EndGlobal
